
Microsoft Visual Studio Solution File, Format Version 12.00
# Visual Studio Version 17
VisualStudioVersion = 17.12.35521.163 d17.12
MinimumVisualStudioVersion = 10.0.40219.1
Project("{FAE04EC0-301F-11D3-BF4B-00C04F79EFBC}") = "250331_prac", "250331_prac.csproj", "{F068D224-7A04-49FF-A024-B3299548F2D9}"
EndProject
Global
	GlobalSection(SolutionConfigurationPlatforms) = preSolution
		Debug|Any CPU = Debug|Any CPU
		Release|Any CPU = Release|Any CPU
	EndGlobalSection
	GlobalSection(ProjectConfigurationPlatforms) = postSolution
		{F068D224-7A04-49FF-A024-B3299548F2D9}.Debug|Any CPU.ActiveCfg = Debug|Any CPU
		{F068D224-7A04-49FF-A024-B3299548F2D9}.Debug|Any CPU.Build.0 = Debug|Any CPU
		{F068D224-7A04-49FF-A024-B3299548F2D9}.Release|Any CPU.ActiveCfg = Release|Any CPU
		{F068D224-7A04-49FF-A024-B3299548F2D9}.Release|Any CPU.Build.0 = Release|Any CPU
	EndGlobalSection
	GlobalSection(SolutionProperties) = preSolution
		HideSolutionNode = FALSE
	EndGlobalSection
EndGlobal
